
Microsoft Visual Studio Solution File, Format Version 12.00
# Visual Studio Version 16
VisualStudioVersion = 16.0.31729.503
MinimumVisualStudioVersion = 10.0.40219.1
Project("{FAE04EC0-301F-11D3-BF4B-00C04F79EFBC}") = "VocalQuiz.Android", "VocalQuiz.Android\VocalQuiz.Android.csproj", "{B9A0DE9D-9A01-4C59-B69E-654D0DE3CC78}"
EndProject
Project("{FAE04EC0-301F-11D3-BF4B-00C04F79EFBC}") = "VocalQuiz", "VocalQuiz\VocalQuiz.csproj", "{D34DAE5F-A3D7-4CA5-AF65-1ED8E7B8B2A2}"
EndProject
Global
	GlobalSection(SolutionConfigurationPlatforms) = preSolution
		Debug|Any CPU = Debug|Any CPU
		Release|Any CPU = Release|Any CPU
	EndGlobalSection
	GlobalSection(ProjectConfigurationPlatforms) = postSolution
		{B9A0DE9D-9A01-4C59-B69E-654D0DE3CC78}.Debug|Any CPU.ActiveCfg = Debug|Any CPU
		{B9A0DE9D-9A01-4C59-B69E-654D0DE3CC78}.Debug|Any CPU.Build.0 = Debug|Any CPU
		{B9A0DE9D-9A01-4C59-B69E-654D0DE3CC78}.Debug|Any CPU.Deploy.0 = Debug|Any CPU
		{B9A0DE9D-9A01-4C59-B69E-654D0DE3CC78}.Release|Any CPU.ActiveCfg = Release|Any CPU
		{B9A0DE9D-9A01-4C59-B69E-654D0DE3CC78}.Release|Any CPU.Build.0 = Release|Any CPU
		{B9A0DE9D-9A01-4C59-B69E-654D0DE3CC78}.Release|Any CPU.Deploy.0 = Release|Any CPU
		{D34DAE5F-A3D7-4CA5-AF65-1ED8E7B8B2A2}.Debug|Any CPU.ActiveCfg = Debug|Any CPU
		{D34DAE5F-A3D7-4CA5-AF65-1ED8E7B8B2A2}.Debug|Any CPU.Build.0 = Debug|Any CPU
		{D34DAE5F-A3D7-4CA5-AF65-1ED8E7B8B2A2}.Debug|Any CPU.Deploy.0 = Debug|Any CPU
		{D34DAE5F-A3D7-4CA5-AF65-1ED8E7B8B2A2}.Release|Any CPU.ActiveCfg = Release|Any CPU
		{D34DAE5F-A3D7-4CA5-AF65-1ED8E7B8B2A2}.Release|Any CPU.Build.0 = Release|Any CPU
		{D34DAE5F-A3D7-4CA5-AF65-1ED8E7B8B2A2}.Release|Any CPU.Deploy.0 = Release|Any CPU
	EndGlobalSection
	GlobalSection(SolutionProperties) = preSolution
		HideSolutionNode = FALSE
	EndGlobalSection
	GlobalSection(ExtensibilityGlobals) = postSolution
		SolutionGuid = {42777E0B-25FB-45CC-9968-A723FAA8FA41}
	EndGlobalSection
EndGlobal
